
Microsoft Visual Studio Solution File, Format Version 12.00
# Visual Studio 15
Project("{FAE04EC0-301F-11D3-BF4B-00C04F79EFBC}") = "RazorFormSample", "RazorFormSample.csproj", "{1FBB85ED-B441-45B9-87AE-AE5223A0A299}"
EndProject
Global
	GlobalSection(SolutionConfigurationPlatforms) = preSolution
		Debug|Any CPU = Debug|Any CPU
		Release|Any CPU = Release|Any CPU
	EndGlobalSection
	GlobalSection(ProjectConfigurationPlatforms) = postSolution
		{1FBB85ED-B441-45B9-87AE-AE5223A0A299}.Debug|Any CPU.ActiveCfg = Debug|Any CPU
		{1FBB85ED-B441-45B9-87AE-AE5223A0A299}.Debug|Any CPU.Build.0 = Debug|Any CPU
		{1FBB85ED-B441-45B9-87AE-AE5223A0A299}.Release|Any CPU.ActiveCfg = Release|Any CPU
		{1FBB85ED-B441-45B9-87AE-AE5223A0A299}.Release|Any CPU.Build.0 = Release|Any CPU
	EndGlobalSection
EndGlobal
